{
  "requires": true,
  "lockfileVersion": 1,
  "dependencies": {
    "vuex": {
      "version": "3.5.1",
      "resolved": "https://registry.npm.taobao.org/vuex/download/vuex-3.5.1.tgz?cache=0&sync_timestamp=1593445037188&other_urls=https%3A%2F%2Fregistry.npm.taobao.org%2Fvuex%2Fdownload%2Fvuex-3.5.1.tgz",
      "integrity": "sha1-8bjc6mSbwlJUz09DWAgdv12hiz0="
    }
  }
}
